
Microsoft Visual Studio Solution File, Format Version 12.00
# Visual Studio Version 17
VisualStudioVersion = 17.13.35825.156 d17.13
MinimumVisualStudioVersion = 10.0.40219.1
Project("{FAE04EC0-301F-11D3-BF4B-00C04F79EFBC}") = "GradeManager", "GradeManager.csproj", "{00C5BFD3-F1EA-4D23-8646-0928FD230B0E}"
EndProject
Global
	GlobalSection(SolutionConfigurationPlatforms) = preSolution
		Debug|Any CPU = Debug|Any CPU
		Release|Any CPU = Release|Any CPU
	EndGlobalSection
	GlobalSection(ProjectConfigurationPlatforms) = postSolution
		{00C5BFD3-F1EA-4D23-8646-0928FD230B0E}.Debug|Any CPU.ActiveCfg = Debug|Any CPU
		{00C5BFD3-F1EA-4D23-8646-0928FD230B0E}.Debug|Any CPU.Build.0 = Debug|Any CPU
		{00C5BFD3-F1EA-4D23-8646-0928FD230B0E}.Release|Any CPU.ActiveCfg = Release|Any CPU
		{00C5BFD3-F1EA-4D23-8646-0928FD230B0E}.Release|Any CPU.Build.0 = Release|Any CPU
	EndGlobalSection
	GlobalSection(SolutionProperties) = preSolution
		HideSolutionNode = FALSE
	EndGlobalSection
	GlobalSection(ExtensibilityGlobals) = postSolution
		SolutionGuid = {0A407324-DE97-41E8-B54B-1BDEA49A5332}
	EndGlobalSection
EndGlobal
